
Microsoft Visual Studio Solution File, Format Version 12.00
# Visual Studio 2012
Project("{8BC9CEB8-8B4A-11D0-8D11-00A0C91BC942}") = "sample_text_nav_read_file", "text_nav_read_file.vcxproj", "{7C857674-1310-440B-AC48-CD3E47CAD720}"
	ProjectSection(ProjectDependencies) = postProject
		{E3969783-B2C8-440F-BB7A-C167C2652BD2} = {E3969783-B2C8-440F-BB7A-C167C2652BD2}
	EndProjectSection
EndProject
Project("{8BC9CEB8-8B4A-11D0-8D11-00A0C91BC942}") = "platform", "..\platform\vplatform.vcxproj", "{E3969783-B2C8-440F-BB7A-C167C2652BD2}"
EndProject
Global
	GlobalSection(SolutionConfigurationPlatforms) = preSolution
		Debug|Win32 = Debug|Win32
		Debug|x64 = Debug|x64
		Release|Win32 = Release|Win32
		Release|x64 = Release|x64
	EndGlobalSection
	GlobalSection(ProjectConfigurationPlatforms) = postSolution
		{7C857674-1310-440B-AC48-CD3E47CAD720}.Debug|Win32.ActiveCfg = Debug|Win32
		{7C857674-1310-440B-AC48-CD3E47CAD720}.Debug|Win32.Build.0 = Debug|Win32
		{7C857674-1310-440B-AC48-CD3E47CAD720}.Debug|x64.ActiveCfg = Debug|x64
		{7C857674-1310-440B-AC48-CD3E47CAD720}.Debug|x64.Build.0 = Debug|x64
		{7C857674-1310-440B-AC48-CD3E47CAD720}.Release|Win32.ActiveCfg = Release|Win32
		{7C857674-1310-440B-AC48-CD3E47CAD720}.Release|Win32.Build.0 = Release|Win32
		{7C857674-1310-440B-AC48-CD3E47CAD720}.Release|x64.ActiveCfg = Release|x64
		{7C857674-1310-440B-AC48-CD3E47CAD720}.Release|x64.Build.0 = Release|x64
		{E3969783-B2C8-440F-BB7A-C167C2652BD2}.Debug|Win32.ActiveCfg = Debug|Win32
		{E3969783-B2C8-440F-BB7A-C167C2652BD2}.Debug|Win32.Build.0 = Debug|Win32
		{E3969783-B2C8-440F-BB7A-C167C2652BD2}.Debug|x64.ActiveCfg = Debug|x64
		{E3969783-B2C8-440F-BB7A-C167C2652BD2}.Debug|x64.Build.0 = Debug|x64
		{E3969783-B2C8-440F-BB7A-C167C2652BD2}.Release|Win32.ActiveCfg = Release|Win32
		{E3969783-B2C8-440F-BB7A-C167C2652BD2}.Release|Win32.Build.0 = Release|Win32
		{E3969783-B2C8-440F-BB7A-C167C2652BD2}.Release|x64.ActiveCfg = Release|x64
		{E3969783-B2C8-440F-BB7A-C167C2652BD2}.Release|x64.Build.0 = Release|x64
	EndGlobalSection
	GlobalSection(SolutionProperties) = preSolution
		HideSolutionNode = FALSE
	EndGlobalSection
EndGlobal
